
Microsoft Visual Studio Solution File, Format Version 11.00
# Visual Studio 2010
Project("{8BC9CEB8-8B4A-11D0-8D11-00A0C91BC942}") = "1-1", "1-1\1-1.vcxproj", "{BE258B22-0E4F-4D14-8CFC-DC2AFB2D9279}"
EndProject
Global
	GlobalSection(SolutionConfigurationPlatforms) = preSolution
		Debug|Win32 = Debug|Win32
		Release|Win32 = Release|Win32
	EndGlobalSection
	GlobalSection(ProjectConfigurationPlatforms) = postSolution
		{BE258B22-0E4F-4D14-8CFC-DC2AFB2D9279}.Debug|Win32.ActiveCfg = Debug|Win32
		{BE258B22-0E4F-4D14-8CFC-DC2AFB2D9279}.Debug|Win32.Build.0 = Debug|Win32
		{BE258B22-0E4F-4D14-8CFC-DC2AFB2D9279}.Release|Win32.ActiveCfg = Release|Win32
		{BE258B22-0E4F-4D14-8CFC-DC2AFB2D9279}.Release|Win32.Build.0 = Release|Win32
	EndGlobalSection
	GlobalSection(SolutionProperties) = preSolution
		HideSolutionNode = FALSE
	EndGlobalSection
EndGlobal
